// !$*UTF8*$!
{
	archiveVersion = 1;
	classes = {
	};
	objectVersion = 46;
	objects = {

/* Begin PBXBuildFile section */
		052D7E021E535F4200037E35 /* AppDelegate.swift in Sources */ = {isa = PBXBuildFile; fileRef = 052D7E011E535F4200037E35 /* AppDelegate.swift */; };
		052D7E071E535F4200037E35 /* Main.storyboard in Resources */ = {isa = PBXBuildFile; fileRef = 052D7E051E535F4200037E35 /* Main.storyboard */; };
		052D7E091E535F4200037E35 /* Assets.xcassets in Resources */ = {isa = PBXBuildFile; fileRef = 052D7E081E535F4200037E35 /* Assets.xcassets */; };
		052D7E0C1E535F4200037E35 /* LaunchScreen.storyboard in Resources */ = {isa = PBXBuildFile; fileRef = 052D7E0A1E535F4200037E35 /* LaunchScreen.storyboard */; };
		052D7E251E5384B100037E35 /* LinedButton.swift in Sources */ = {isa = PBXBuildFile; fileRef = 052D7E241E5384B100037E35 /* LinedButton.swift */; };
		052D7E2B1E5534DD00037E35 /* BlueGradientView.swift in Sources */ = {isa = PBXBuildFile; fileRef = 052D7E2A1E5534DD00037E35 /* BlueGradientView.swift */; };
		052D7E331E57C37E00037E35 /* TripCollectionViewCell.swift in Sources */ = {isa = PBXBuildFile; fileRef = 052D7E321E57C37E00037E35 /* TripCollectionViewCell.swift */; };
		052D7E3D1E58AC6F00037E35 /* ViewInterface.swift in Sources */ = {isa = PBXBuildFile; fileRef = 052D7E3C1E58AC6F00037E35 /* ViewInterface.swift */; };
		052D7E411E58AC9000037E35 /* CoreDataStack.swift in Sources */ = {isa = PBXBuildFile; fileRef = 052D7E401E58AC9000037E35 /* CoreDataStack.swift */; };
		052D7E431E58AC9D00037E35 /* AppManager.swift in Sources */ = {isa = PBXBuildFile; fileRef = 052D7E421E58AC9D00037E35 /* AppManager.swift */; };
		052D7E451E58ACAA00037E35 /* AppManagerConstants.swift in Sources */ = {isa = PBXBuildFile; fileRef = 052D7E441E58ACAA00037E35 /* AppManagerConstants.swift */; };
		052D7E471E58ACBA00037E35 /* Flickr.swift in Sources */ = {isa = PBXBuildFile; fileRef = 052D7E461E58ACBA00037E35 /* Flickr.swift */; };
		052D7E4A1E58ACC700037E35 /* FlickrConvenience.swift in Sources */ = {isa = PBXBuildFile; fileRef = 052D7E481E58ACC700037E35 /* FlickrConvenience.swift */; };
		052D7E4B1E58ACC700037E35 /* FlickrConstants.swift in Sources */ = {isa = PBXBuildFile; fileRef = 052D7E491E58ACC700037E35 /* FlickrConstants.swift */; };
		052D7E4F1E58ACD700037E35 /* TravelMapViewController.swift in Sources */ = {isa = PBXBuildFile; fileRef = 052D7E4C1E58ACD700037E35 /* TravelMapViewController.swift */; };
		052D7E501E58ACD700037E35 /* PhotoAlbumViewController.swift in Sources */ = {isa = PBXBuildFile; fileRef = 052D7E4D1E58ACD700037E35 /* PhotoAlbumViewController.swift */; };
		052D7E511E58ACD700037E35 /* FlightInstructionsViewController.swift in Sources */ = {isa = PBXBuildFile; fileRef = 052D7E4E1E58ACD700037E35 /* FlightInstructionsViewController.swift */; };
		052D7E541E58AD8100037E35 /* VirtualTouristModel.xcdatamodeld in Sources */ = {isa = PBXBuildFile; fileRef = 052D7E521E58AD8100037E35 /* VirtualTouristModel.xcdatamodeld */; };
		052D7E611E58B82700037E35 /* Pin+CoreDataClass.swift in Sources */ = {isa = PBXBuildFile; fileRef = 052D7E5D1E58B82700037E35 /* Pin+CoreDataClass.swift */; };
		052D7E621E58B82700037E35 /* Pin+CoreDataProperties.swift in Sources */ = {isa = PBXBuildFile; fileRef = 052D7E5E1E58B82700037E35 /* Pin+CoreDataProperties.swift */; };
		052D7E631E58B82700037E35 /* Photo+CoreDataClass.swift in Sources */ = {isa = PBXBuildFile; fileRef = 052D7E5F1E58B82700037E35 /* Photo+CoreDataClass.swift */; };
		052D7E641E58B82700037E35 /* Photo+CoreDataProperties.swift in Sources */ = {isa = PBXBuildFile; fileRef = 052D7E601E58B82700037E35 /* Photo+CoreDataProperties.swift */; };
/* End PBXBuildFile section */

/* Begin PBXFileReference section */
		052D7DFE1E535F4200037E35 /* VirtualTourist.app */ = {isa = PBXFileReference; explicitFileType = wrapper.application; includeInIndex = 0; path = VirtualTourist.app; sourceTree = BUILT_PRODUCTS_DIR; };
		052D7E011E535F4200037E35 /* AppDelegate.swift */ = {isa = PBXFileReference; lastKnownFileType = sourcecode.swift; path = AppDelegate.swift; sourceTree = "<group>"; };
		052D7E061E535F4200037E35 /* Base */ = {isa = PBXFileReference; lastKnownFileType = file.storyboard; name = Base; path = Base.lproj/Main.storyboard; sourceTree = "<group>"; };
		052D7E081E535F4200037E35 /* Assets.xcassets */ = {isa = PBXFileReference; lastKnownFileType = folder.assetcatalog; path = Assets.xcassets; sourceTree = "<group>"; };
		052D7E0B1E535F4200037E35 /* Base */ = {isa = PBXFileReference; lastKnownFileType = file.storyboard; name = Base; path = Base.lproj/LaunchScreen.storyboard; sourceTree = "<group>"; };
		052D7E0D1E535F4200037E35 /* Info.plist */ = {isa = PBXFileReference; lastKnownFileType = text.plist.xml; path = Info.plist; sourceTree = "<group>"; };
		052D7E241E5384B100037E35 /* LinedButton.swift */ = {isa = PBXFileReference; fileEncoding = 4; lastKnownFileType = sourcecode.swift; name = LinedButton.swift; path = View/LinedButton.swift; sourceTree = "<group>"; };
		052D7E2A1E5534DD00037E35 /* BlueGradientView.swift */ = {isa = PBXFileReference; fileEncoding = 4; lastKnownFileType = sourcecode.swift; name = BlueGradientView.swift; path = View/BlueGradientView.swift; sourceTree = "<group>"; };
		052D7E321E57C37E00037E35 /* TripCollectionViewCell.swift */ = {isa = PBXFileReference; fileEncoding = 4; lastKnownFileType = sourcecode.swift; name = TripCollectionViewCell.swift; path = View/TripCollectionViewCell.swift; sourceTree = "<group>"; };
		052D7E3C1E58AC6F00037E35 /* ViewInterface.swift */ = {isa = PBXFileReference; fileEncoding = 4; lastKnownFileType = sourcecode.swift; name = ViewInterface.swift; path = View/ViewInterface.swift; sourceTree = "<group>"; };
		052D7E401E58AC9000037E35 /* CoreDataStack.swift */ = {isa = PBXFileReference; fileEncoding = 4; lastKnownFileType = sourcecode.swift; name = CoreDataStack.swift; path = Model/CoreDataStack.swift; sourceTree = "<group>"; };
		052D7E421E58AC9D00037E35 /* AppManager.swift */ = {isa = PBXFileReference; fileEncoding = 4; lastKnownFileType = sourcecode.swift; name = AppManager.swift; path = Model/AppManager.swift; sourceTree = "<group>"; };
		052D7E441E58ACAA00037E35 /* AppManagerConstants.swift */ = {isa = PBXFileReference; fileEncoding = 4; lastKnownFileType = sourcecode.swift; name = AppManagerConstants.swift; path = Model/AppManagerConstants.swift; sourceTree = "<group>"; };
		052D7E461E58ACBA00037E35 /* Flickr.swift */ = {isa = PBXFileReference; fileEncoding = 4; lastKnownFileType = sourcecode.swift; name = Flickr.swift; path = Model/Flickr.swift; sourceTree = "<group>"; };
		052D7E481E58ACC700037E35 /* FlickrConvenience.swift */ = {isa = PBXFileReference; fileEncoding = 4; lastKnownFileType = sourcecode.swift; name = FlickrConvenience.swift; path = Model/FlickrConvenience.swift; sourceTree = "<group>"; };
		052D7E491E58ACC700037E35 /* FlickrConstants.swift */ = {isa = PBXFileReference; fileEncoding = 4; lastKnownFileType = sourcecode.swift; name = FlickrConstants.swift; path = Model/FlickrConstants.swift; sourceTree = "<group>"; };
		052D7E4C1E58ACD700037E35 /* TravelMapViewController.swift */ = {isa = PBXFileReference; fileEncoding = 4; lastKnownFileType = sourcecode.swift; name = TravelMapViewController.swift; path = Controller/TravelMapViewController.swift; sourceTree = "<group>"; };
		052D7E4D1E58ACD700037E35 /* PhotoAlbumViewController.swift */ = {isa = PBXFileReference; fileEncoding = 4; lastKnownFileType = sourcecode.swift; name = PhotoAlbumViewController.swift; path = Controller/PhotoAlbumViewController.swift; sourceTree = "<group>"; };
		052D7E4E1E58ACD700037E35 /* FlightInstructionsViewController.swift */ = {isa = PBXFileReference; fileEncoding = 4; lastKnownFileType = sourcecode.swift; name = FlightInstructionsViewController.swift; path = Controller/FlightInstructionsViewController.swift; sourceTree = "<group>"; };
		052D7E531E58AD8100037E35 /* VirtualTouristModel.xcdatamodel */ = {isa = PBXFileReference; lastKnownFileType = wrapper.xcdatamodel; path = VirtualTouristModel.xcdatamodel; sourceTree = "<group>"; };
		052D7E5D1E58B82700037E35 /* Pin+CoreDataClass.swift */ = {isa = PBXFileReference; fileEncoding = 4; lastKnownFileType = sourcecode.swift; name = "Pin+CoreDataClass.swift"; path = "Model/Pin+CoreDataClass.swift"; sourceTree = "<group>"; };
		052D7E5E1E58B82700037E35 /* Pin+CoreDataProperties.swift */ = {isa = PBXFileReference; fileEncoding = 4; lastKnownFileType = sourcecode.swift; name = "Pin+CoreDataProperties.swift"; path = "Model/Pin+CoreDataProperties.swift"; sourceTree = "<group>"; };
		052D7E5F1E58B82700037E35 /* Photo+CoreDataClass.swift */ = {isa = PBXFileReference; fileEncoding = 4; lastKnownFileType = sourcecode.swift; name = "Photo+CoreDataClass.swift"; path = "Model/Photo+CoreDataClass.swift"; sourceTree = "<group>"; };
		052D7E601E58B82700037E35 /* Photo+CoreDataProperties.swift */ = {isa = PBXFileReference; fileEncoding = 4; lastKnownFileType = sourcecode.swift; name = "Photo+CoreDataProperties.swift"; path = "Model/Photo+CoreDataProperties.swift"; sourceTree = "<group>"; };
/* End PBXFileReference section */

/* Begin PBXFrameworksBuildPhase section */
		052D7DFB1E535F4200037E35 /* Frameworks */ = {
			isa = PBXFrameworksBuildPhase;
			buildActionMask = 2147483647;
			files = (
			);
			runOnlyForDeploymentPostprocessing = 0;
		};
/* End PBXFrameworksBuildPhase section */

/* Begin PBXGroup section */
		052D7DF51E535F4200037E35 = {
			isa = PBXGroup;
			children = (
				052D7E001E535F4200037E35 /* VirtualTourist */,
				052D7DFF1E535F4200037E35 /* Products */,
			);
			sourceTree = "<group>";
		};
		052D7DFF1E535F4200037E35 /* Products */ = {
			isa = PBXGroup;
			children = (
				052D7DFE1E535F4200037E35 /* VirtualTourist.app */,
			);
			name = Products;
			sourceTree = "<group>";
		};
		052D7E001E535F4200037E35 /* VirtualTourist */ = {
			isa = PBXGroup;
			children = (
				052D7E011E535F4200037E35 /* AppDelegate.swift */,
				052D7E131E535F4B00037E35 /* Model */,
				052D7E141E535F5600037E35 /* View */,
				052D7E151E535F5C00037E35 /* Controller */,
				052D7E161E535F7900037E35 /* Assets */,
				052D7E171E535F8200037E35 /* Supporting Files */,
			);
			path = VirtualTourist;
			sourceTree = "<group>";
		};
		052D7E131E535F4B00037E35 /* Model */ = {
			isa = PBXGroup;
			children = (
				052D7E421E58AC9D00037E35 /* AppManager.swift */,
				052D7E441E58ACAA00037E35 /* AppManagerConstants.swift */,
				052D7E371E57E84300037E35 /* CoreData */,
				052D7E1C1E53670800037E35 /* Clients */,
			);
			name = Model;
			sourceTree = "<group>";
		};
		052D7E141E535F5600037E35 /* View */ = {
			isa = PBXGroup;
			children = (
				052D7E3C1E58AC6F00037E35 /* ViewInterface.swift */,
				052D7E241E5384B100037E35 /* LinedButton.swift */,
				052D7E2A1E5534DD00037E35 /* BlueGradientView.swift */,
				052D7E321E57C37E00037E35 /* TripCollectionViewCell.swift */,
			);
			name = View;
			sourceTree = "<group>";
		};
		052D7E151E535F5C00037E35 /* Controller */ = {
			isa = PBXGroup;
			children = (
				052D7E4E1E58ACD700037E35 /* FlightInstructionsViewController.swift */,
				052D7E4C1E58ACD700037E35 /* TravelMapViewController.swift */,
				052D7E4D1E58ACD700037E35 /* PhotoAlbumViewController.swift */,
			);
			name = Controller;
			sourceTree = "<group>";
		};
		052D7E161E535F7900037E35 /* Assets */ = {
			isa = PBXGroup;
			children = (
				052D7E051E535F4200037E35 /* Main.storyboard */,
				052D7E081E535F4200037E35 /* Assets.xcassets */,
				052D7E0A1E535F4200037E35 /* LaunchScreen.storyboard */,
			);
			name = Assets;
			sourceTree = "<group>";
		};
		052D7E171E535F8200037E35 /* Supporting Files */ = {
			isa = PBXGroup;
			children = (
				052D7E0D1E535F4200037E35 /* Info.plist */,
			);
			name = "Supporting Files";
			sourceTree = "<group>";
		};
		052D7E1C1E53670800037E35 /* Clients */ = {
			isa = PBXGroup;
			children = (
				052D7E1D1E53671200037E35 /* Flickr */,
			);
			name = Clients;
			sourceTree = "<group>";
		};
		052D7E1D1E53671200037E35 /* Flickr */ = {
			isa = PBXGroup;
			children = (
				052D7E461E58ACBA00037E35 /* Flickr.swift */,
				052D7E481E58ACC700037E35 /* FlickrConvenience.swift */,
				052D7E491E58ACC700037E35 /* FlickrConstants.swift */,
			);
			name = Flickr;
			sourceTree = "<group>";
		};
		052D7E371E57E84300037E35 /* CoreData */ = {
			isa = PBXGroup;
			children = (
				052D7E5D1E58B82700037E35 /* Pin+CoreDataClass.swift */,
				052D7E5E1E58B82700037E35 /* Pin+CoreDataProperties.swift */,
				052D7E5F1E58B82700037E35 /* Photo+CoreDataClass.swift */,
				052D7E601E58B82700037E35 /* Photo+CoreDataProperties.swift */,
				052D7E521E58AD8100037E35 /* VirtualTouristModel.xcdatamodeld */,
				052D7E401E58AC9000037E35 /* CoreDataStack.swift */,
			);
			name = CoreData;
			sourceTree = "<group>";
		};
/* End PBXGroup section */

/* Begin PBXNativeTarget section */
		052D7DFD1E535F4200037E35 /* VirtualTourist */ = {
			isa = PBXNativeTarget;
			buildConfigurationList = 052D7E101E535F4200037E35 /* Build configuration list for PBXNativeTarget "VirtualTourist" */;
			buildPhases = (
				052D7DFA1E535F4200037E35 /* Sources */,
				052D7DFB1E535F4200037E35 /* Frameworks */,
				052D7DFC1E535F4200037E35 /* Resources */,
			);
			buildRules = (
			);
			dependencies = (
			);
			name = VirtualTourist;
			productName = VirtualTourist;
			productReference = 052D7DFE1E535F4200037E35 /* VirtualTourist.app */;
			productType = "com.apple.product-type.application";
		};
/* End PBXNativeTarget section */

/* Begin PBXProject section */
		052D7DF61E535F4200037E35 /* Project object */ = {
			isa = PBXProject;
			attributes = {
				LastSwiftUpdateCheck = 0820;
				LastUpgradeCheck = 0820;
				ORGANIZATIONNAME = Morfe;
				TargetAttributes = {
					052D7DFD1E535F4200037E35 = {
						CreatedOnToolsVersion = 8.2.1;
						DevelopmentTeam = 7437KDZF8Q;
						ProvisioningStyle = Automatic;
					};
				};
			};
			buildConfigurationList = 052D7DF91E535F4200037E35 /* Build configuration list for PBXProject "VirtualTourist" */;
			compatibilityVersion = "Xcode 3.2";
			developmentRegion = English;
			hasScannedForEncodings = 0;
			knownRegions = (
				en,
				Base,
			);
			mainGroup = 052D7DF51E535F4200037E35;
			productRefGroup = 052D7DFF1E535F4200037E35 /* Products */;
			projectDirPath = "";
			projectRoot = "";
			targets = (
				052D7DFD1E535F4200037E35 /* VirtualTourist */,
			);
		};
/* End PBXProject section */

/* Begin PBXResourcesBuildPhase section */
		052D7DFC1E535F4200037E35 /* Resources */ = {
			isa = PBXResourcesBuildPhase;
			buildActionMask = 2147483647;
			files = (
				052D7E0C1E535F4200037E35 /* LaunchScreen.storyboard in Resources */,
				052D7E091E535F4200037E35 /* Assets.xcassets in Resources */,
				052D7E071E535F4200037E35 /* Main.storyboard in Resources */,
			);
			runOnlyForDeploymentPostprocessing = 0;
		};
/* End PBXResourcesBuildPhase section */

/* Begin PBXSourcesBuildPhase section */
		052D7DFA1E535F4200037E35 /* Sources */ = {
			isa = PBXSourcesBuildPhase;
			buildActionMask = 2147483647;
			files = (
				052D7E541E58AD8100037E35 /* VirtualTouristModel.xcdatamodeld in Sources */,
				052D7E4A1E58ACC700037E35 /* FlickrConvenience.swift in Sources */,
				052D7E501E58ACD700037E35 /* PhotoAlbumViewController.swift in Sources */,
				052D7E3D1E58AC6F00037E35 /* ViewInterface.swift in Sources */,
				052D7E2B1E5534DD00037E35 /* BlueGradientView.swift in Sources */,
				052D7E4F1E58ACD700037E35 /* TravelMapViewController.swift in Sources */,
				052D7E471E58ACBA00037E35 /* Flickr.swift in Sources */,
				052D7E641E58B82700037E35 /* Photo+CoreDataProperties.swift in Sources */,
				052D7E411E58AC9000037E35 /* CoreDataStack.swift in Sources */,
				052D7E611E58B82700037E35 /* Pin+CoreDataClass.swift in Sources */,
				052D7E451E58ACAA00037E35 /* AppManagerConstants.swift in Sources */,
				052D7E331E57C37E00037E35 /* TripCollectionViewCell.swift in Sources */,
				052D7E621E58B82700037E35 /* Pin+CoreDataProperties.swift in Sources */,
				052D7E251E5384B100037E35 /* LinedButton.swift in Sources */,
				052D7E631E58B82700037E35 /* Photo+CoreDataClass.swift in Sources */,
				052D7E431E58AC9D00037E35 /* AppManager.swift in Sources */,
				052D7E4B1E58ACC700037E35 /* FlickrConstants.swift in Sources */,
				052D7E021E535F4200037E35 /* AppDelegate.swift in Sources */,
				052D7E511E58ACD700037E35 /* FlightInstructionsViewController.swift in Sources */,
			);
			runOnlyForDeploymentPostprocessing = 0;
		};
/* End PBXSourcesBuildPhase section */

/* Begin PBXVariantGroup section */
		052D7E051E535F4200037E35 /* Main.storyboard */ = {
			isa = PBXVariantGroup;
			children = (
				052D7E061E535F4200037E35 /* Base */,
			);
			name = Main.storyboard;
			sourceTree = "<group>";
		};
		052D7E0A1E535F4200037E35 /* LaunchScreen.storyboard */ = {
			isa = PBXVariantGroup;
			children = (
				052D7E0B1E535F4200037E35 /* Base */,
			);
			name = LaunchScreen.storyboard;
			sourceTree = "<group>";
		};
/* End PBXVariantGroup section */

/* Begin XCBuildConfiguration section */
		052D7E0E1E535F4200037E35 /* Debug */ = {
			isa = XCBuildConfiguration;
			buildSettings = {
				ALWAYS_SEARCH_USER_PATHS = NO;
				CLANG_ANALYZER_NONNULL = YES;
				CLANG_CXX_LANGUAGE_STANDARD = "gnu++0x";
				CLANG_CXX_LIBRARY = "libc++";
				CLANG_ENABLE_MODULES = YES;
				CLANG_ENABLE_OBJC_ARC = YES;
				CLANG_WARN_BOOL_CONVERSION = YES;
				CLANG_WARN_CONSTANT_CONVERSION = YES;
				CLANG_WARN_DIRECT_OBJC_ISA_USAGE = YES_ERROR;
				CLANG_WARN_DOCUMENTATION_COMMENTS = YES;
				CLANG_WARN_EMPTY_BODY = YES;
				CLANG_WARN_ENUM_CONVERSION = YES;
				CLANG_WARN_INFINITE_RECURSION = YES;
				CLANG_WARN_INT_CONVERSION = YES;
				CLANG_WARN_OBJC_ROOT_CLASS = YES_ERROR;
				CLANG_WARN_SUSPICIOUS_MOVE = YES;
				CLANG_WARN_UNREACHABLE_CODE = YES;
				CLANG_WARN__DUPLICATE_METHOD_MATCH = YES;
				"CODE_SIGN_IDENTITY[sdk=iphoneos*]" = "iPhone Developer";
				COPY_PHASE_STRIP = NO;
				DEBUG_INFORMATION_FORMAT = dwarf;
				ENABLE_STRICT_OBJC_MSGSEND = YES;
				ENABLE_TESTABILITY = YES;
				GCC_C_LANGUAGE_STANDARD = gnu99;
				GCC_DYNAMIC_NO_PIC = NO;
				GCC_NO_COMMON_BLOCKS = YES;
				GCC_OPTIMIZATION_LEVEL = 0;
				GCC_PREPROCESSOR_DEFINITIONS = (
					"DEBUG=1",
					"$(inherited)",
				);
				GCC_WARN_64_TO_32_BIT_CONVERSION = YES;
				GCC_WARN_ABOUT_RETURN_TYPE = YES_ERROR;
				GCC_WARN_UNDECLARED_SELECTOR = YES;
				GCC_WARN_UNINITIALIZED_AUTOS = YES_AGGRESSIVE;
				GCC_WARN_UNUSED_FUNCTION = YES;
				GCC_WARN_UNUSED_VARIABLE = YES;
				IPHONEOS_DEPLOYMENT_TARGET = 10.2;
				MTL_ENABLE_DEBUG_INFO = YES;
				ONLY_ACTIVE_ARCH = YES;
				SDKROOT = iphoneos;
				SWIFT_ACTIVE_COMPILATION_CONDITIONS = DEBUG;
				SWIFT_OPTIMIZATION_LEVEL = "-Onone";
				TARGETED_DEVICE_FAMILY = "1,2";
			};
			name = Debug;
		};
		052D7E0F1E535F4200037E35 /* Release */ = {
			isa = XCBuildConfiguration;
			buildSettings = {
				ALWAYS_SEARCH_USER_PATHS = NO;
				CLANG_ANALYZER_NONNULL = YES;
				CLANG_CXX_LANGUAGE_STANDARD = "gnu++0x";
				CLANG_CXX_LIBRARY = "libc++";
				CLANG_ENABLE_MODULES = YES;
				CLANG_ENABLE_OBJC_ARC = YES;
				CLANG_WARN_BOOL_CONVERSION = YES;
				CLANG_WARN_CONSTANT_CONVERSION = YES;
				CLANG_WARN_DIRECT_OBJC_ISA_USAGE = YES_ERROR;
				CLANG_WARN_DOCUMENTATION_COMMENTS = YES;
				CLANG_WARN_EMPTY_BODY = YES;
				CLANG_WARN_ENUM_CONVERSION = YES;
				CLANG_WARN_INFINITE_RECURSION = YES;
				CLANG_WARN_INT_CONVERSION = YES;
				CLANG_WARN_OBJC_ROOT_CLASS = YES_ERROR;
				CLANG_WARN_SUSPICIOUS_MOVE = YES;
				CLANG_WARN_UNREACHABLE_CODE = YES;
				CLANG_WARN__DUPLICATE_METHOD_MATCH = YES;
				"CODE_SIGN_IDENTITY[sdk=iphoneos*]" = "iPhone Developer";
				COPY_PHASE_STRIP = NO;
				DEBUG_INFORMATION_FORMAT = "dwarf-with-dsym";
				ENABLE_NS_ASSERTIONS = NO;
				ENABLE_STRICT_OBJC_MSGSEND = YES;
				GCC_C_LANGUAGE_STANDARD = gnu99;
				GCC_NO_COMMON_BLOCKS = YES;
				GCC_WARN_64_TO_32_BIT_CONVERSION = YES;
				GCC_WARN_ABOUT_RETURN_TYPE = YES_ERROR;
				GCC_WARN_UNDECLARED_SELECTOR = YES;
				GCC_WARN_UNINITIALIZED_AUTOS = YES_AGGRESSIVE;
				GCC_WARN_UNUSED_FUNCTION = YES;
				GCC_WARN_UNUSED_VARIABLE = YES;
				IPHONEOS_DEPLOYMENT_TARGET = 10.2;
				MTL_ENABLE_DEBUG_INFO = NO;
				SDKROOT = iphoneos;
				SWIFT_OPTIMIZATION_LEVEL = "-Owholemodule";
				TARGETED_DEVICE_FAMILY = "1,2";
				VALIDATE_PRODUCT = YES;
			};
			name = Release;
		};
		052D7E111E535F4200037E35 /* Debug */ = {
			isa = XCBuildConfiguration;
			buildSettings = {
				ASSETCATALOG_COMPILER_APPICON_NAME = AppIcon;
				DEVELOPMENT_TEAM = 7437KDZF8Q;
				INFOPLIST_FILE = VirtualTourist/Info.plist;
				LD_RUNPATH_SEARCH_PATHS = "$(inherited) @executable_path/Frameworks";
				PRODUCT_BUNDLE_IDENTIFIER = morfe.VirtualTourist;
				PRODUCT_NAME = "$(TARGET_NAME)";
				SWIFT_VERSION = 3.0;
			};
			name = Debug;
		};
		052D7E121E535F4200037E35 /* Release */ = {
			isa = XCBuildConfiguration;
			buildSettings = {
				ASSETCATALOG_COMPILER_APPICON_NAME = AppIcon;
				DEVELOPMENT_TEAM = 7437KDZF8Q;
				INFOPLIST_FILE = VirtualTourist/Info.plist;
				LD_RUNPATH_SEARCH_PATHS = "$(inherited) @executable_path/Frameworks";
				PRODUCT_BUNDLE_IDENTIFIER = morfe.VirtualTourist;
				PRODUCT_NAME = "$(TARGET_NAME)";
				SWIFT_VERSION = 3.0;
			};
			name = Release;
		};
/* End XCBuildConfiguration section */

/* Begin XCConfigurationList section */
		052D7DF91E535F4200037E35 /* Build configuration list for PBXProject "VirtualTourist" */ = {
			isa = XCConfigurationList;
			buildConfigurations = (
				052D7E0E1E535F4200037E35 /* Debug */,
				052D7E0F1E535F4200037E35 /* Release */,
			);
			defaultConfigurationIsVisible = 0;
			defaultConfigurationName = Release;
		};
		052D7E101E535F4200037E35 /* Build configuration list for PBXNativeTarget "VirtualTourist" */ = {
			isa = XCConfigurationList;
			buildConfigurations = (
				052D7E111E535F4200037E35 /* Debug */,
				052D7E121E535F4200037E35 /* Release */,
			);
			defaultConfigurationIsVisible = 0;
			defaultConfigurationName = Release;
		};
/* End XCConfigurationList section */

/* Begin XCVersionGroup section */
		052D7E521E58AD8100037E35 /* VirtualTouristModel.xcdatamodeld */ = {
			isa = XCVersionGroup;
			children = (
				052D7E531E58AD8100037E35 /* VirtualTouristModel.xcdatamodel */,
			);
			currentVersion = 052D7E531E58AD8100037E35 /* VirtualTouristModel.xcdatamodel */;
			name = VirtualTouristModel.xcdatamodeld;
			path = Model/VirtualTouristModel.xcdatamodeld;
			sourceTree = "<group>";
			versionGroupType = wrapper.xcdatamodel;
		};
/* End XCVersionGroup section */
	};
	rootObject = 052D7DF61E535F4200037E35 /* Project object */;
}
